
Microsoft Visual Studio Solution File, Format Version 12.00
# Visual Studio Version 16
VisualStudioVersion = 16.0.30523.141
MinimumVisualStudioVersion = 10.0.40219.1
Project("{8BC9CEB8-8B4A-11D0-8D11-00A0C91BC942}") = "Day1", "Day1\Day1.vcxproj", "{3C05D675-C502-43AF-9DF1-251D4079393C}"
EndProject
Project("{8BC9CEB8-8B4A-11D0-8D11-00A0C91BC942}") = "Day2", "Day2\Day2.vcxproj", "{7963C81B-F809-4B1C-8D35-E943AE184254}"
EndProject
Project("{8BC9CEB8-8B4A-11D0-8D11-00A0C91BC942}") = "Day3", "Day3\Day3.vcxproj", "{1EEC963D-3EB8-4798-81E3-B41DAE1304CA}"
EndProject
Project("{8BC9CEB8-8B4A-11D0-8D11-00A0C91BC942}") = "Day4", "Day4\Day4.vcxproj", "{7F6BFF8E-D558-48AB-9FA8-EC26AC4FF907}"
EndProject
Project("{8BC9CEB8-8B4A-11D0-8D11-00A0C91BC942}") = "Day5", "Day5\Day5.vcxproj", "{485ED0CE-2643-4FD0-B030-8C06799E3815}"
EndProject
Project("{8BC9CEB8-8B4A-11D0-8D11-00A0C91BC942}") = "Day6", "Day6\Day6.vcxproj", "{ECAF6E5F-F872-4F43-A8A6-86BB07051375}"
EndProject
Project("{8BC9CEB8-8B4A-11D0-8D11-00A0C91BC942}") = "Day7", "Day7\Day7.vcxproj", "{2F88C4F0-F1CA-4480-B66A-48C431A74595}"
EndProject
Project("{8BC9CEB8-8B4A-11D0-8D11-00A0C91BC942}") = "Day8", "Day8\Day8.vcxproj", "{F396EB01-1F5E-40AA-82F3-1E4618A15446}"
EndProject
Project("{8BC9CEB8-8B4A-11D0-8D11-00A0C91BC942}") = "Day9", "Day9\Day9.vcxproj", "{2FA7ABBD-C507-430B-949D-C694A88F796A}"
EndProject
Project("{8BC9CEB8-8B4A-11D0-8D11-00A0C91BC942}") = "Day10", "Day10\Day10.vcxproj", "{2114D052-7E30-458E-A5D1-0F7FC306061F}"
EndProject
Global
	GlobalSection(SolutionConfigurationPlatforms) = preSolution
		Debug|x64 = Debug|x64
		Debug|x86 = Debug|x86
		Release|x64 = Release|x64
		Release|x86 = Release|x86
	EndGlobalSection
	GlobalSection(ProjectConfigurationPlatforms) = postSolution
		{3C05D675-C502-43AF-9DF1-251D4079393C}.Debug|x64.ActiveCfg = Debug|x64
		{3C05D675-C502-43AF-9DF1-251D4079393C}.Debug|x64.Build.0 = Debug|x64
		{3C05D675-C502-43AF-9DF1-251D4079393C}.Debug|x86.ActiveCfg = Debug|Win32
		{3C05D675-C502-43AF-9DF1-251D4079393C}.Debug|x86.Build.0 = Debug|Win32
		{3C05D675-C502-43AF-9DF1-251D4079393C}.Release|x64.ActiveCfg = Release|x64
		{3C05D675-C502-43AF-9DF1-251D4079393C}.Release|x64.Build.0 = Release|x64
		{3C05D675-C502-43AF-9DF1-251D4079393C}.Release|x86.ActiveCfg = Release|Win32
		{3C05D675-C502-43AF-9DF1-251D4079393C}.Release|x86.Build.0 = Release|Win32
		{7963C81B-F809-4B1C-8D35-E943AE184254}.Debug|x64.ActiveCfg = Debug|x64
		{7963C81B-F809-4B1C-8D35-E943AE184254}.Debug|x64.Build.0 = Debug|x64
		{7963C81B-F809-4B1C-8D35-E943AE184254}.Debug|x86.ActiveCfg = Debug|Win32
		{7963C81B-F809-4B1C-8D35-E943AE184254}.Debug|x86.Build.0 = Debug|Win32
		{7963C81B-F809-4B1C-8D35-E943AE184254}.Release|x64.ActiveCfg = Release|x64
		{7963C81B-F809-4B1C-8D35-E943AE184254}.Release|x64.Build.0 = Release|x64
		{7963C81B-F809-4B1C-8D35-E943AE184254}.Release|x86.ActiveCfg = Release|Win32
		{7963C81B-F809-4B1C-8D35-E943AE184254}.Release|x86.Build.0 = Release|Win32
		{1EEC963D-3EB8-4798-81E3-B41DAE1304CA}.Debug|x64.ActiveCfg = Debug|x64
		{1EEC963D-3EB8-4798-81E3-B41DAE1304CA}.Debug|x64.Build.0 = Debug|x64
		{1EEC963D-3EB8-4798-81E3-B41DAE1304CA}.Debug|x86.ActiveCfg = Debug|Win32
		{1EEC963D-3EB8-4798-81E3-B41DAE1304CA}.Debug|x86.Build.0 = Debug|Win32
		{1EEC963D-3EB8-4798-81E3-B41DAE1304CA}.Release|x64.ActiveCfg = Release|x64
		{1EEC963D-3EB8-4798-81E3-B41DAE1304CA}.Release|x64.Build.0 = Release|x64
		{1EEC963D-3EB8-4798-81E3-B41DAE1304CA}.Release|x86.ActiveCfg = Release|Win32
		{1EEC963D-3EB8-4798-81E3-B41DAE1304CA}.Release|x86.Build.0 = Release|Win32
		{7F6BFF8E-D558-48AB-9FA8-EC26AC4FF907}.Debug|x64.ActiveCfg = Debug|x64
		{7F6BFF8E-D558-48AB-9FA8-EC26AC4FF907}.Debug|x64.Build.0 = Debug|x64
		{7F6BFF8E-D558-48AB-9FA8-EC26AC4FF907}.Debug|x86.ActiveCfg = Debug|Win32
		{7F6BFF8E-D558-48AB-9FA8-EC26AC4FF907}.Debug|x86.Build.0 = Debug|Win32
		{7F6BFF8E-D558-48AB-9FA8-EC26AC4FF907}.Release|x64.ActiveCfg = Release|x64
		{7F6BFF8E-D558-48AB-9FA8-EC26AC4FF907}.Release|x64.Build.0 = Release|x64
		{7F6BFF8E-D558-48AB-9FA8-EC26AC4FF907}.Release|x86.ActiveCfg = Release|Win32
		{7F6BFF8E-D558-48AB-9FA8-EC26AC4FF907}.Release|x86.Build.0 = Release|Win32
		{485ED0CE-2643-4FD0-B030-8C06799E3815}.Debug|x64.ActiveCfg = Debug|x64
		{485ED0CE-2643-4FD0-B030-8C06799E3815}.Debug|x64.Build.0 = Debug|x64
		{485ED0CE-2643-4FD0-B030-8C06799E3815}.Debug|x86.ActiveCfg = Debug|Win32
		{485ED0CE-2643-4FD0-B030-8C06799E3815}.Debug|x86.Build.0 = Debug|Win32
		{485ED0CE-2643-4FD0-B030-8C06799E3815}.Release|x64.ActiveCfg = Release|x64
		{485ED0CE-2643-4FD0-B030-8C06799E3815}.Release|x64.Build.0 = Release|x64
		{485ED0CE-2643-4FD0-B030-8C06799E3815}.Release|x86.ActiveCfg = Release|Win32
		{485ED0CE-2643-4FD0-B030-8C06799E3815}.Release|x86.Build.0 = Release|Win32
		{ECAF6E5F-F872-4F43-A8A6-86BB07051375}.Debug|x64.ActiveCfg = Debug|x64
		{ECAF6E5F-F872-4F43-A8A6-86BB07051375}.Debug|x64.Build.0 = Debug|x64
		{ECAF6E5F-F872-4F43-A8A6-86BB07051375}.Debug|x86.ActiveCfg = Debug|Win32
		{ECAF6E5F-F872-4F43-A8A6-86BB07051375}.Debug|x86.Build.0 = Debug|Win32
		{ECAF6E5F-F872-4F43-A8A6-86BB07051375}.Release|x64.ActiveCfg = Release|x64
		{ECAF6E5F-F872-4F43-A8A6-86BB07051375}.Release|x64.Build.0 = Release|x64
		{ECAF6E5F-F872-4F43-A8A6-86BB07051375}.Release|x86.ActiveCfg = Release|Win32
		{ECAF6E5F-F872-4F43-A8A6-86BB07051375}.Release|x86.Build.0 = Release|Win32
		{2F88C4F0-F1CA-4480-B66A-48C431A74595}.Debug|x64.ActiveCfg = Debug|x64
		{2F88C4F0-F1CA-4480-B66A-48C431A74595}.Debug|x64.Build.0 = Debug|x64
		{2F88C4F0-F1CA-4480-B66A-48C431A74595}.Debug|x86.ActiveCfg = Debug|Win32
		{2F88C4F0-F1CA-4480-B66A-48C431A74595}.Debug|x86.Build.0 = Debug|Win32
		{2F88C4F0-F1CA-4480-B66A-48C431A74595}.Release|x64.ActiveCfg = Release|x64
		{2F88C4F0-F1CA-4480-B66A-48C431A74595}.Release|x64.Build.0 = Release|x64
		{2F88C4F0-F1CA-4480-B66A-48C431A74595}.Release|x86.ActiveCfg = Release|Win32
		{2F88C4F0-F1CA-4480-B66A-48C431A74595}.Release|x86.Build.0 = Release|Win32
		{F396EB01-1F5E-40AA-82F3-1E4618A15446}.Debug|x64.ActiveCfg = Debug|x64
		{F396EB01-1F5E-40AA-82F3-1E4618A15446}.Debug|x64.Build.0 = Debug|x64
		{F396EB01-1F5E-40AA-82F3-1E4618A15446}.Debug|x86.ActiveCfg = Debug|Win32
		{F396EB01-1F5E-40AA-82F3-1E4618A15446}.Debug|x86.Build.0 = Debug|Win32
		{F396EB01-1F5E-40AA-82F3-1E4618A15446}.Release|x64.ActiveCfg = Release|x64
		{F396EB01-1F5E-40AA-82F3-1E4618A15446}.Release|x64.Build.0 = Release|x64
		{F396EB01-1F5E-40AA-82F3-1E4618A15446}.Release|x86.ActiveCfg = Release|Win32
		{F396EB01-1F5E-40AA-82F3-1E4618A15446}.Release|x86.Build.0 = Release|Win32
		{2FA7ABBD-C507-430B-949D-C694A88F796A}.Debug|x64.ActiveCfg = Debug|x64
		{2FA7ABBD-C507-430B-949D-C694A88F796A}.Debug|x64.Build.0 = Debug|x64
		{2FA7ABBD-C507-430B-949D-C694A88F796A}.Debug|x86.ActiveCfg = Debug|Win32
		{2FA7ABBD-C507-430B-949D-C694A88F796A}.Debug|x86.Build.0 = Debug|Win32
		{2FA7ABBD-C507-430B-949D-C694A88F796A}.Release|x64.ActiveCfg = Release|x64
		{2FA7ABBD-C507-430B-949D-C694A88F796A}.Release|x64.Build.0 = Release|x64
		{2FA7ABBD-C507-430B-949D-C694A88F796A}.Release|x86.ActiveCfg = Release|Win32
		{2FA7ABBD-C507-430B-949D-C694A88F796A}.Release|x86.Build.0 = Release|Win32
		{2114D052-7E30-458E-A5D1-0F7FC306061F}.Debug|x64.ActiveCfg = Debug|x64
		{2114D052-7E30-458E-A5D1-0F7FC306061F}.Debug|x64.Build.0 = Debug|x64
		{2114D052-7E30-458E-A5D1-0F7FC306061F}.Debug|x86.ActiveCfg = Debug|Win32
		{2114D052-7E30-458E-A5D1-0F7FC306061F}.Debug|x86.Build.0 = Debug|Win32
		{2114D052-7E30-458E-A5D1-0F7FC306061F}.Release|x64.ActiveCfg = Release|x64
		{2114D052-7E30-458E-A5D1-0F7FC306061F}.Release|x64.Build.0 = Release|x64
		{2114D052-7E30-458E-A5D1-0F7FC306061F}.Release|x86.ActiveCfg = Release|Win32
		{2114D052-7E30-458E-A5D1-0F7FC306061F}.Release|x86.Build.0 = Release|Win32
	EndGlobalSection
	GlobalSection(SolutionProperties) = preSolution
		HideSolutionNode = FALSE
	EndGlobalSection
	GlobalSection(ExtensibilityGlobals) = postSolution
		SolutionGuid = {A656FD62-8208-4899-95E4-E8F66AA66322}
	EndGlobalSection
EndGlobal
